// !$*UTF8*$!
{
	archiveVersion = 1;
	classes = {
	};
	objectVersion = 51;
	objects = {

/* Begin PBXBuildFile section */
		293650BC22E49532716F0F15 /* Pods_Parstagram.framework in Frameworks */ = {isa = PBXBuildFile; fileRef = 3A590FE417F3C247068613A1 /* Pods_Parstagram.framework */; };
		3B18613C067B4FAD12903C41 /* Pods_ParstagramTests.framework in Frameworks */ = {isa = PBXBuildFile; fileRef = 265BB96A2ED54A1F271D274E /* Pods_ParstagramTests.framework */; };
		4A39458854B3725C625C9F7D /* Pods_ParstagramUITests.framework in Frameworks */ = {isa = PBXBuildFile; fileRef = BA813DAA78AF8D7BA0FB7894 /* Pods_ParstagramUITests.framework */; };
		E64490462288BCE300C5CB71 /* CameraViewController.swift in Sources */ = {isa = PBXBuildFile; fileRef = E64490452288BCE300C5CB71 /* CameraViewController.swift */; };
		E644904822892B8B00C5CB71 /* PostCell.swift in Sources */ = {isa = PBXBuildFile; fileRef = E644904722892B8B00C5CB71 /* PostCell.swift */; };
		E64D7D8722848A9400F30E80 /* AppDelegate.swift in Sources */ = {isa = PBXBuildFile; fileRef = E64D7D8622848A9400F30E80 /* AppDelegate.swift */; };
		E64D7D8C22848A9500F30E80 /* Main.storyboard in Resources */ = {isa = PBXBuildFile; fileRef = E64D7D8A22848A9500F30E80 /* Main.storyboard */; };
		E64D7D8E22848A9900F30E80 /* Assets.xcassets in Resources */ = {isa = PBXBuildFile; fileRef = E64D7D8D22848A9900F30E80 /* Assets.xcassets */; };
		E64D7D9122848A9900F30E80 /* LaunchScreen.storyboard in Resources */ = {isa = PBXBuildFile; fileRef = E64D7D8F22848A9900F30E80 /* LaunchScreen.storyboard */; };
		E64D7D9C22848A9900F30E80 /* ParstagramTests.swift in Sources */ = {isa = PBXBuildFile; fileRef = E64D7D9B22848A9900F30E80 /* ParstagramTests.swift */; };
		E64D7DA722848A9900F30E80 /* ParstagramUITests.swift in Sources */ = {isa = PBXBuildFile; fileRef = E64D7DA622848A9900F30E80 /* ParstagramUITests.swift */; };
		E64D7DB522848E9400F30E80 /* LoginViewController.swift in Sources */ = {isa = PBXBuildFile; fileRef = E64D7DB422848E9400F30E80 /* LoginViewController.swift */; };
		E64D7DB722848EA200F30E80 /* FeedViewController.swift in Sources */ = {isa = PBXBuildFile; fileRef = E64D7DB622848EA200F30E80 /* FeedViewController.swift */; };
/* End PBXBuildFile section */

/* Begin PBXContainerItemProxy section */
		E64D7D9822848A9900F30E80 /* PBXContainerItemProxy */ = {
			isa = PBXContainerItemProxy;
			containerPortal = E64D7D7B22848A9400F30E80 /* Project object */;
			proxyType = 1;
			remoteGlobalIDString = E64D7D8222848A9400F30E80;
			remoteInfo = Parstagram;
		};
		E64D7DA322848A9900F30E80 /* PBXContainerItemProxy */ = {
			isa = PBXContainerItemProxy;
			containerPortal = E64D7D7B22848A9400F30E80 /* Project object */;
			proxyType = 1;
			remoteGlobalIDString = E64D7D8222848A9400F30E80;
			remoteInfo = Parstagram;
		};
/* End PBXContainerItemProxy section */

/* Begin PBXFileReference section */
		254482AC17BD7B1831F1B578 /* Pods-ParstagramUITests.release.xcconfig */ = {isa = PBXFileReference; includeInIndex = 1; lastKnownFileType = text.xcconfig; name = "Pods-ParstagramUITests.release.xcconfig"; path = "Target Support Files/Pods-ParstagramUITests/Pods-ParstagramUITests.release.xcconfig"; sourceTree = "<group>"; };
		265BB96A2ED54A1F271D274E /* Pods_ParstagramTests.framework */ = {isa = PBXFileReference; explicitFileType = wrapper.framework; includeInIndex = 0; path = Pods_ParstagramTests.framework; sourceTree = BUILT_PRODUCTS_DIR; };
		29525D9D8E19CBE711F7262D /* Pods-Parstagram.debug.xcconfig */ = {isa = PBXFileReference; includeInIndex = 1; lastKnownFileType = text.xcconfig; name = "Pods-Parstagram.debug.xcconfig"; path = "Target Support Files/Pods-Parstagram/Pods-Parstagram.debug.xcconfig"; sourceTree = "<group>"; };
		2C3779FEC613ED2456740DDE /* Pods-ParstagramUITests.debug.xcconfig */ = {isa = PBXFileReference; includeInIndex = 1; lastKnownFileType = text.xcconfig; name = "Pods-ParstagramUITests.debug.xcconfig"; path = "Target Support Files/Pods-ParstagramUITests/Pods-ParstagramUITests.debug.xcconfig"; sourceTree = "<group>"; };
		3A590FE417F3C247068613A1 /* Pods_Parstagram.framework */ = {isa = PBXFileReference; explicitFileType = wrapper.framework; includeInIndex = 0; path = Pods_Parstagram.framework; sourceTree = BUILT_PRODUCTS_DIR; };
		5FA447792037517C8AF49BB5 /* Pods-Parstagram.release.xcconfig */ = {isa = PBXFileReference; includeInIndex = 1; lastKnownFileType = text.xcconfig; name = "Pods-Parstagram.release.xcconfig"; path = "Target Support Files/Pods-Parstagram/Pods-Parstagram.release.xcconfig"; sourceTree = "<group>"; };
		9A2CD9924CDEC3EBCB55BBC6 /* Pods-ParstagramTests.release.xcconfig */ = {isa = PBXFileReference; includeInIndex = 1; lastKnownFileType = text.xcconfig; name = "Pods-ParstagramTests.release.xcconfig"; path = "Target Support Files/Pods-ParstagramTests/Pods-ParstagramTests.release.xcconfig"; sourceTree = "<group>"; };
		BA813DAA78AF8D7BA0FB7894 /* Pods_ParstagramUITests.framework */ = {isa = PBXFileReference; explicitFileType = wrapper.framework; includeInIndex = 0; path = Pods_ParstagramUITests.framework; sourceTree = BUILT_PRODUCTS_DIR; };
		E64490452288BCE300C5CB71 /* CameraViewController.swift */ = {isa = PBXFileReference; lastKnownFileType = sourcecode.swift; path = CameraViewController.swift; sourceTree = "<group>"; };
		E644904722892B8B00C5CB71 /* PostCell.swift */ = {isa = PBXFileReference; lastKnownFileType = sourcecode.swift; path = PostCell.swift; sourceTree = "<group>"; };
		E64D7D8322848A9400F30E80 /* Parstagram.app */ = {isa = PBXFileReference; explicitFileType = wrapper.application; includeInIndex = 0; path = Parstagram.app; sourceTree = BUILT_PRODUCTS_DIR; };
		E64D7D8622848A9400F30E80 /* AppDelegate.swift */ = {isa = PBXFileReference; lastKnownFileType = sourcecode.swift; path = AppDelegate.swift; sourceTree = "<group>"; };
		E64D7D8B22848A9500F30E80 /* Base */ = {isa = PBXFileReference; lastKnownFileType = file.storyboard; name = Base; path = Base.lproj/Main.storyboard; sourceTree = "<group>"; };
		E64D7D8D22848A9900F30E80 /* Assets.xcassets */ = {isa = PBXFileReference; lastKnownFileType = folder.assetcatalog; path = Assets.xcassets; sourceTree = "<group>"; };
		E64D7D9022848A9900F30E80 /* Base */ = {isa = PBXFileReference; lastKnownFileType = file.storyboard; name = Base; path = Base.lproj/LaunchScreen.storyboard; sourceTree = "<group>"; };
		E64D7D9222848A9900F30E80 /* Info.plist */ = {isa = PBXFileReference; lastKnownFileType = text.plist.xml; path = Info.plist; sourceTree = "<group>"; };
		E64D7D9722848A9900F30E80 /* ParstagramTests.xctest */ = {isa = PBXFileReference; explicitFileType = wrapper.cfbundle; includeInIndex = 0; path = ParstagramTests.xctest; sourceTree = BUILT_PRODUCTS_DIR; };
		E64D7D9B22848A9900F30E80 /* ParstagramTests.swift */ = {isa = PBXFileReference; lastKnownFileType = sourcecode.swift; path = ParstagramTests.swift; sourceTree = "<group>"; };
		E64D7D9D22848A9900F30E80 /* Info.plist */ = {isa = PBXFileReference; lastKnownFileType = text.plist.xml; path = Info.plist; sourceTree = "<group>"; };
		E64D7DA222848A9900F30E80 /* ParstagramUITests.xctest */ = {isa = PBXFileReference; explicitFileType = wrapper.cfbundle; includeInIndex = 0; path = ParstagramUITests.xctest; sourceTree = BUILT_PRODUCTS_DIR; };
		E64D7DA622848A9900F30E80 /* ParstagramUITests.swift */ = {isa = PBXFileReference; lastKnownFileType = sourcecode.swift; path = ParstagramUITests.swift; sourceTree = "<group>"; };
		E64D7DA822848A9900F30E80 /* Info.plist */ = {isa = PBXFileReference; lastKnownFileType = text.plist.xml; path = Info.plist; sourceTree = "<group>"; };
		E64D7DB422848E9400F30E80 /* LoginViewController.swift */ = {isa = PBXFileReference; lastKnownFileType = sourcecode.swift; path = LoginViewController.swift; sourceTree = "<group>"; };
		E64D7DB622848EA200F30E80 /* FeedViewController.swift */ = {isa = PBXFileReference; lastKnownFileType = sourcecode.swift; path = FeedViewController.swift; sourceTree = "<group>"; };
		F211640F4C88CDA62116D924 /* Pods-ParstagramTests.debug.xcconfig */ = {isa = PBXFileReference; includeInIndex = 1; lastKnownFileType = text.xcconfig; name = "Pods-ParstagramTests.debug.xcconfig"; path = "Target Support Files/Pods-ParstagramTests/Pods-ParstagramTests.debug.xcconfig"; sourceTree = "<group>"; };
/* End PBXFileReference section */

/* Begin PBXFrameworksBuildPhase section */
		E64D7D8022848A9400F30E80 /* Frameworks */ = {
			isa = PBXFrameworksBuildPhase;
			buildActionMask = 2147483647;
			files = (
				293650BC22E49532716F0F15 /* Pods_Parstagram.framework in Frameworks */,
			);
			runOnlyForDeploymentPostprocessing = 0;
		};
		E64D7D9422848A9900F30E80 /* Frameworks */ = {
			isa = PBXFrameworksBuildPhase;
			buildActionMask = 2147483647;
			files = (
				3B18613C067B4FAD12903C41 /* Pods_ParstagramTests.framework in Frameworks */,
			);
			runOnlyForDeploymentPostprocessing = 0;
		};
		E64D7D9F22848A9900F30E80 /* Frameworks */ = {
			isa = PBXFrameworksBuildPhase;
			buildActionMask = 2147483647;
			files = (
				4A39458854B3725C625C9F7D /* Pods_ParstagramUITests.framework in Frameworks */,
			);
			runOnlyForDeploymentPostprocessing = 0;
		};
/* End PBXFrameworksBuildPhase section */

/* Begin PBXGroup section */
		475D2638B9FC34F57542F9C0 /* Pods */ = {
			isa = PBXGroup;
			children = (
				29525D9D8E19CBE711F7262D /* Pods-Parstagram.debug.xcconfig */,
				5FA447792037517C8AF49BB5 /* Pods-Parstagram.release.xcconfig */,
				F211640F4C88CDA62116D924 /* Pods-ParstagramTests.debug.xcconfig */,
				9A2CD9924CDEC3EBCB55BBC6 /* Pods-ParstagramTests.release.xcconfig */,
				2C3779FEC613ED2456740DDE /* Pods-ParstagramUITests.debug.xcconfig */,
				254482AC17BD7B1831F1B578 /* Pods-ParstagramUITests.release.xcconfig */,
			);
			path = Pods;
			sourceTree = "<group>";
		};
		A05C7053D4AEAA91F5799A02 /* Frameworks */ = {
			isa = PBXGroup;
			children = (
				3A590FE417F3C247068613A1 /* Pods_Parstagram.framework */,
				265BB96A2ED54A1F271D274E /* Pods_ParstagramTests.framework */,
				BA813DAA78AF8D7BA0FB7894 /* Pods_ParstagramUITests.framework */,
			);
			name = Frameworks;
			sourceTree = "<group>";
		};
		E64D7D7A22848A9400F30E80 = {
			isa = PBXGroup;
			children = (
				E64D7D8522848A9400F30E80 /* Parstagram */,
				E64D7D9A22848A9900F30E80 /* ParstagramTests */,
				E64D7DA522848A9900F30E80 /* ParstagramUITests */,
				E64D7D8422848A9400F30E80 /* Products */,
				475D2638B9FC34F57542F9C0 /* Pods */,
				A05C7053D4AEAA91F5799A02 /* Frameworks */,
			);
			sourceTree = "<group>";
		};
		E64D7D8422848A9400F30E80 /* Products */ = {
			isa = PBXGroup;
			children = (
				E64D7D8322848A9400F30E80 /* Parstagram.app */,
				E64D7D9722848A9900F30E80 /* ParstagramTests.xctest */,
				E64D7DA222848A9900F30E80 /* ParstagramUITests.xctest */,
			);
			name = Products;
			sourceTree = "<group>";
		};
		E64D7D8522848A9400F30E80 /* Parstagram */ = {
			isa = PBXGroup;
			children = (
				E64D7D8622848A9400F30E80 /* AppDelegate.swift */,
				E64D7D8A22848A9500F30E80 /* Main.storyboard */,
				E64D7D8D22848A9900F30E80 /* Assets.xcassets */,
				E64D7D8F22848A9900F30E80 /* LaunchScreen.storyboard */,
				E64D7D9222848A9900F30E80 /* Info.plist */,
				E64D7DB422848E9400F30E80 /* LoginViewController.swift */,
				E64D7DB622848EA200F30E80 /* FeedViewController.swift */,
				E64490452288BCE300C5CB71 /* CameraViewController.swift */,
				E644904722892B8B00C5CB71 /* PostCell.swift */,
			);
			path = Parstagram;
			sourceTree = "<group>";
		};
		E64D7D9A22848A9900F30E80 /* ParstagramTests */ = {
			isa = PBXGroup;
			children = (
				E64D7D9B22848A9900F30E80 /* ParstagramTests.swift */,
				E64D7D9D22848A9900F30E80 /* Info.plist */,
			);
			path = ParstagramTests;
			sourceTree = "<group>";
		};
		E64D7DA522848A9900F30E80 /* ParstagramUITests */ = {
			isa = PBXGroup;
			children = (
				E64D7DA622848A9900F30E80 /* ParstagramUITests.swift */,
				E64D7DA822848A9900F30E80 /* Info.plist */,
			);
			path = ParstagramUITests;
			sourceTree = "<group>";
		};
/* End PBXGroup section */

/* Begin PBXNativeTarget section */
		E64D7D8222848A9400F30E80 /* Parstagram */ = {
			isa = PBXNativeTarget;
			buildConfigurationList = E64D7DAB22848A9900F30E80 /* Build configuration list for PBXNativeTarget "Parstagram" */;
			buildPhases = (
				B119B42E5834F0EF6FDF0890 /* [CP] Check Pods Manifest.lock */,
				E64D7D7F22848A9400F30E80 /* Sources */,
				E64D7D8022848A9400F30E80 /* Frameworks */,
				E64D7D8122848A9400F30E80 /* Resources */,
				AE62B0095F076A86226593ED /* [CP] Embed Pods Frameworks */,
			);
			buildRules = (
			);
			dependencies = (
			);
			name = Parstagram;
			productName = Parstagram;
			productReference = E64D7D8322848A9400F30E80 /* Parstagram.app */;
			productType = "com.apple.product-type.application";
		};
		E64D7D9622848A9900F30E80 /* ParstagramTests */ = {
			isa = PBXNativeTarget;
			buildConfigurationList = E64D7DAE22848A9900F30E80 /* Build configuration list for PBXNativeTarget "ParstagramTests" */;
			buildPhases = (
				7A288FBFFE84B2AF61255D25 /* [CP] Check Pods Manifest.lock */,
				E64D7D9322848A9900F30E80 /* Sources */,
				E64D7D9422848A9900F30E80 /* Frameworks */,
				E64D7D9522848A9900F30E80 /* Resources */,
			);
			buildRules = (
			);
			dependencies = (
				E64D7D9922848A9900F30E80 /* PBXTargetDependency */,
			);
			name = ParstagramTests;
			productName = ParstagramTests;
			productReference = E64D7D9722848A9900F30E80 /* ParstagramTests.xctest */;
			productType = "com.apple.product-type.bundle.unit-test";
		};
		E64D7DA122848A9900F30E80 /* ParstagramUITests */ = {
			isa = PBXNativeTarget;
			buildConfigurationList = E64D7DB122848A9900F30E80 /* Build configuration list for PBXNativeTarget "ParstagramUITests" */;
			buildPhases = (
				468039506075FC093F21CA1F /* [CP] Check Pods Manifest.lock */,
				E64D7D9E22848A9900F30E80 /* Sources */,
				E64D7D9F22848A9900F30E80 /* Frameworks */,
				E64D7DA022848A9900F30E80 /* Resources */,
			);
			buildRules = (
			);
			dependencies = (
				E64D7DA422848A9900F30E80 /* PBXTargetDependency */,
			);
			name = ParstagramUITests;
			productName = ParstagramUITests;
			productReference = E64D7DA222848A9900F30E80 /* ParstagramUITests.xctest */;
			productType = "com.apple.product-type.bundle.ui-testing";
		};
/* End PBXNativeTarget section */

/* Begin PBXProject section */
		E64D7D7B22848A9400F30E80 /* Project object */ = {
			isa = PBXProject;
			attributes = {
				LastSwiftUpdateCheck = 1020;
				LastUpgradeCheck = 1020;
				ORGANIZATIONNAME = "Joey Hwang";
				TargetAttributes = {
					E64D7D8222848A9400F30E80 = {
						CreatedOnToolsVersion = 10.2;
					};
					E64D7D9622848A9900F30E80 = {
						CreatedOnToolsVersion = 10.2;
						TestTargetID = E64D7D8222848A9400F30E80;
					};
					E64D7DA122848A9900F30E80 = {
						CreatedOnToolsVersion = 10.2;
						TestTargetID = E64D7D8222848A9400F30E80;
					};
				};
			};
			buildConfigurationList = E64D7D7E22848A9400F30E80 /* Build configuration list for PBXProject "Parstagram" */;
			compatibilityVersion = "Xcode 9.3";
			developmentRegion = en;
			hasScannedForEncodings = 0;
			knownRegions = (
				en,
				Base,
			);
			mainGroup = E64D7D7A22848A9400F30E80;
			productRefGroup = E64D7D8422848A9400F30E80 /* Products */;
			projectDirPath = "";
			projectRoot = "";
			targets = (
				E64D7D8222848A9400F30E80 /* Parstagram */,
				E64D7D9622848A9900F30E80 /* ParstagramTests */,
				E64D7DA122848A9900F30E80 /* ParstagramUITests */,
			);
		};
/* End PBXProject section */

/* Begin PBXResourcesBuildPhase section */
		E64D7D8122848A9400F30E80 /* Resources */ = {
			isa = PBXResourcesBuildPhase;
			buildActionMask = 2147483647;
			files = (
				E64D7D9122848A9900F30E80 /* LaunchScreen.storyboard in Resources */,
				E64D7D8E22848A9900F30E80 /* Assets.xcassets in Resources */,
				E64D7D8C22848A9500F30E80 /* Main.storyboard in Resources */,
			);
			runOnlyForDeploymentPostprocessing = 0;
		};
		E64D7D9522848A9900F30E80 /* Resources */ = {
			isa = PBXResourcesBuildPhase;
			buildActionMask = 2147483647;
			files = (
			);
			runOnlyForDeploymentPostprocessing = 0;
		};
		E64D7DA022848A9900F30E80 /* Resources */ = {
			isa = PBXResourcesBuildPhase;
			buildActionMask = 2147483647;
			files = (
			);
			runOnlyForDeploymentPostprocessing = 0;
		};
/* End PBXResourcesBuildPhase section */

/* Begin PBXShellScriptBuildPhase section */
		468039506075FC093F21CA1F /* [CP] Check Pods Manifest.lock */ = {
			isa = PBXShellScriptBuildPhase;
			buildActionMask = 2147483647;
			files = (
			);
			inputFileListPaths = (
			);
			inputPaths = (
				"${PODS_PODFILE_DIR_PATH}/Podfile.lock",
				"${PODS_ROOT}/Manifest.lock",
			);
			name = "[CP] Check Pods Manifest.lock";
			outputFileListPaths = (
			);
			outputPaths = (
				"$(DERIVED_FILE_DIR)/Pods-ParstagramUITests-checkManifestLockResult.txt",
			);
			runOnlyForDeploymentPostprocessing = 0;
			shellPath = /bin/sh;
			shellScript = "diff \"${PODS_PODFILE_DIR_PATH}/Podfile.lock\" \"${PODS_ROOT}/Manifest.lock\" > /dev/null\nif [ $? != 0 ] ; then\n    # print error to STDERR\n    echo \"error: The sandbox is not in sync with the Podfile.lock. Run 'pod install' or update your CocoaPods installation.\" >&2\n    exit 1\nfi\n# This output is used by Xcode 'outputs' to avoid re-running this script phase.\necho \"SUCCESS\" > \"${SCRIPT_OUTPUT_FILE_0}\"\n";
			showEnvVarsInLog = 0;
		};
		7A288FBFFE84B2AF61255D25 /* [CP] Check Pods Manifest.lock */ = {
			isa = PBXShellScriptBuildPhase;
			buildActionMask = 2147483647;
			files = (
			);
			inputFileListPaths = (
			);
			inputPaths = (
				"${PODS_PODFILE_DIR_PATH}/Podfile.lock",
				"${PODS_ROOT}/Manifest.lock",
			);
			name = "[CP] Check Pods Manifest.lock";
			outputFileListPaths = (
			);
			outputPaths = (
				"$(DERIVED_FILE_DIR)/Pods-ParstagramTests-checkManifestLockResult.txt",
			);
			runOnlyForDeploymentPostprocessing = 0;
			shellPath = /bin/sh;
			shellScript = "diff \"${PODS_PODFILE_DIR_PATH}/Podfile.lock\" \"${PODS_ROOT}/Manifest.lock\" > /dev/null\nif [ $? != 0 ] ; then\n    # print error to STDERR\n    echo \"error: The sandbox is not in sync with the Podfile.lock. Run 'pod install' or update your CocoaPods installation.\" >&2\n    exit 1\nfi\n# This output is used by Xcode 'outputs' to avoid re-running this script phase.\necho \"SUCCESS\" > \"${SCRIPT_OUTPUT_FILE_0}\"\n";
			showEnvVarsInLog = 0;
		};
		AE62B0095F076A86226593ED /* [CP] Embed Pods Frameworks */ = {
			isa = PBXShellScriptBuildPhase;
			buildActionMask = 2147483647;
			files = (
			);
			inputFileListPaths = (
				"${PODS_ROOT}/Target Support Files/Pods-Parstagram/Pods-Parstagram-frameworks-${CONFIGURATION}-input-files.xcfilelist",
			);
			name = "[CP] Embed Pods Frameworks";
			outputFileListPaths = (
				"${PODS_ROOT}/Target Support Files/Pods-Parstagram/Pods-Parstagram-frameworks-${CONFIGURATION}-output-files.xcfilelist",
			);
			runOnlyForDeploymentPostprocessing = 0;
			shellPath = /bin/sh;
			shellScript = "\"${PODS_ROOT}/Target Support Files/Pods-Parstagram/Pods-Parstagram-frameworks.sh\"\n";
			showEnvVarsInLog = 0;
		};
		B119B42E5834F0EF6FDF0890 /* [CP] Check Pods Manifest.lock */ = {
			isa = PBXShellScriptBuildPhase;
			buildActionMask = 2147483647;
			files = (
			);
			inputFileListPaths = (
			);
			inputPaths = (
				"${PODS_PODFILE_DIR_PATH}/Podfile.lock",
				"${PODS_ROOT}/Manifest.lock",
			);
			name = "[CP] Check Pods Manifest.lock";
			outputFileListPaths = (
			);
			outputPaths = (
				"$(DERIVED_FILE_DIR)/Pods-Parstagram-checkManifestLockResult.txt",
			);
			runOnlyForDeploymentPostprocessing = 0;
			shellPath = /bin/sh;
			shellScript = "diff \"${PODS_PODFILE_DIR_PATH}/Podfile.lock\" \"${PODS_ROOT}/Manifest.lock\" > /dev/null\nif [ $? != 0 ] ; then\n    # print error to STDERR\n    echo \"error: The sandbox is not in sync with the Podfile.lock. Run 'pod install' or update your CocoaPods installation.\" >&2\n    exit 1\nfi\n# This output is used by Xcode 'outputs' to avoid re-running this script phase.\necho \"SUCCESS\" > \"${SCRIPT_OUTPUT_FILE_0}\"\n";
			showEnvVarsInLog = 0;
		};
/* End PBXShellScriptBuildPhase section */

/* Begin PBXSourcesBuildPhase section */
		E64D7D7F22848A9400F30E80 /* Sources */ = {
			isa = PBXSourcesBuildPhase;
			buildActionMask = 2147483647;
			files = (
				E64D7DB522848E9400F30E80 /* LoginViewController.swift in Sources */,
				E64490462288BCE300C5CB71 /* CameraViewController.swift in Sources */,
				E64D7DB722848EA200F30E80 /* FeedViewController.swift in Sources */,
				E64D7D8722848A9400F30E80 /* AppDelegate.swift in Sources */,
				E644904822892B8B00C5CB71 /* PostCell.swift in Sources */,
			);
			runOnlyForDeploymentPostprocessing = 0;
		};
		E64D7D9322848A9900F30E80 /* Sources */ = {
			isa = PBXSourcesBuildPhase;
			buildActionMask = 2147483647;
			files = (
				E64D7D9C22848A9900F30E80 /* ParstagramTests.swift in Sources */,
			);
			runOnlyForDeploymentPostprocessing = 0;
		};
		E64D7D9E22848A9900F30E80 /* Sources */ = {
			isa = PBXSourcesBuildPhase;
			buildActionMask = 2147483647;
			files = (
				E64D7DA722848A9900F30E80 /* ParstagramUITests.swift in Sources */,
			);
			runOnlyForDeploymentPostprocessing = 0;
		};
/* End PBXSourcesBuildPhase section */

/* Begin PBXTargetDependency section */
		E64D7D9922848A9900F30E80 /* PBXTargetDependency */ = {
			isa = PBXTargetDependency;
			target = E64D7D8222848A9400F30E80 /* Parstagram */;
			targetProxy = E64D7D9822848A9900F30E80 /* PBXContainerItemProxy */;
		};
		E64D7DA422848A9900F30E80 /* PBXTargetDependency */ = {
			isa = PBXTargetDependency;
			target = E64D7D8222848A9400F30E80 /* Parstagram */;
			targetProxy = E64D7DA322848A9900F30E80 /* PBXContainerItemProxy */;
		};
/* End PBXTargetDependency section */

/* Begin PBXVariantGroup section */
		E64D7D8A22848A9500F30E80 /* Main.storyboard */ = {
			isa = PBXVariantGroup;
			children = (
				E64D7D8B22848A9500F30E80 /* Base */,
			);
			name = Main.storyboard;
			sourceTree = "<group>";
		};
		E64D7D8F22848A9900F30E80 /* LaunchScreen.storyboard */ = {
			isa = PBXVariantGroup;
			children = (
				E64D7D9022848A9900F30E80 /* Base */,
			);
			name = LaunchScreen.storyboard;
			sourceTree = "<group>";
		};
/* End PBXVariantGroup section */

/* Begin XCBuildConfiguration section */
		E64D7DA922848A9900F30E80 /* Debug */ = {
			isa = XCBuildConfiguration;
			buildSettings = {
				ALWAYS_SEARCH_USER_PATHS = NO;
				CLANG_ANALYZER_NONNULL = YES;
				CLANG_ANALYZER_NUMBER_OBJECT_CONVERSION = YES_AGGRESSIVE;
				CLANG_CXX_LANGUAGE_STANDARD = "gnu++14";
				CLANG_CXX_LIBRARY = "libc++";
				CLANG_ENABLE_MODULES = YES;
				CLANG_ENABLE_OBJC_ARC = YES;
				CLANG_ENABLE_OBJC_WEAK = YES;
				CLANG_WARN_BLOCK_CAPTURE_AUTORELEASING = YES;
				CLANG_WARN_BOOL_CONVERSION = YES;
				CLANG_WARN_COMMA = YES;
				CLANG_WARN_CONSTANT_CONVERSION = YES;
				CLANG_WARN_DEPRECATED_OBJC_IMPLEMENTATIONS = YES;
				CLANG_WARN_DIRECT_OBJC_ISA_USAGE = YES_ERROR;
				CLANG_WARN_DOCUMENTATION_COMMENTS = YES;
				CLANG_WARN_EMPTY_BODY = YES;
				CLANG_WARN_ENUM_CONVERSION = YES;
				CLANG_WARN_INFINITE_RECURSION = YES;
				CLANG_WARN_INT_CONVERSION = YES;
				CLANG_WARN_NON_LITERAL_NULL_CONVERSION = YES;
				CLANG_WARN_OBJC_IMPLICIT_RETAIN_SELF = YES;
				CLANG_WARN_OBJC_LITERAL_CONVERSION = YES;
				CLANG_WARN_OBJC_ROOT_CLASS = YES_ERROR;
				CLANG_WARN_RANGE_LOOP_ANALYSIS = YES;
				CLANG_WARN_STRICT_PROTOTYPES = YES;
				CLANG_WARN_SUSPICIOUS_MOVE = YES;
				CLANG_WARN_UNGUARDED_AVAILABILITY = YES_AGGRESSIVE;
				CLANG_WARN_UNREACHABLE_CODE = YES;
				CLANG_WARN__DUPLICATE_METHOD_MATCH = YES;
				CODE_SIGN_IDENTITY = "iPhone Developer";
				COPY_PHASE_STRIP = NO;
				DEBUG_INFORMATION_FORMAT = dwarf;
				ENABLE_STRICT_OBJC_MSGSEND = YES;
				ENABLE_TESTABILITY = YES;
				GCC_C_LANGUAGE_STANDARD = gnu11;
				GCC_DYNAMIC_NO_PIC = NO;
				GCC_NO_COMMON_BLOCKS = YES;
				GCC_OPTIMIZATION_LEVEL = 0;
				GCC_PREPROCESSOR_DEFINITIONS = (
					"DEBUG=1",
					"$(inherited)",
				);
				GCC_WARN_64_TO_32_BIT_CONVERSION = YES;
				GCC_WARN_ABOUT_RETURN_TYPE = YES_ERROR;
				GCC_WARN_UNDECLARED_SELECTOR = YES;
				GCC_WARN_UNINITIALIZED_AUTOS = YES_AGGRESSIVE;
				GCC_WARN_UNUSED_FUNCTION = YES;
				GCC_WARN_UNUSED_VARIABLE = YES;
				IPHONEOS_DEPLOYMENT_TARGET = 12.2;
				MTL_ENABLE_DEBUG_INFO = INCLUDE_SOURCE;
				MTL_FAST_MATH = YES;
				ONLY_ACTIVE_ARCH = YES;
				SDKROOT = iphoneos;
				SWIFT_ACTIVE_COMPILATION_CONDITIONS = DEBUG;
				SWIFT_OPTIMIZATION_LEVEL = "-Onone";
			};
			name = Debug;
		};
		E64D7DAA22848A9900F30E80 /* Release */ = {
			isa = XCBuildConfiguration;
			buildSettings = {
				ALWAYS_SEARCH_USER_PATHS = NO;
				CLANG_ANALYZER_NONNULL = YES;
				CLANG_ANALYZER_NUMBER_OBJECT_CONVERSION = YES_AGGRESSIVE;
				CLANG_CXX_LANGUAGE_STANDARD = "gnu++14";
				CLANG_CXX_LIBRARY = "libc++";
				CLANG_ENABLE_MODULES = YES;
				CLANG_ENABLE_OBJC_ARC = YES;
				CLANG_ENABLE_OBJC_WEAK = YES;
				CLANG_WARN_BLOCK_CAPTURE_AUTORELEASING = YES;
				CLANG_WARN_BOOL_CONVERSION = YES;
				CLANG_WARN_COMMA = YES;
				CLANG_WARN_CONSTANT_CONVERSION = YES;
				CLANG_WARN_DEPRECATED_OBJC_IMPLEMENTATIONS = YES;
				CLANG_WARN_DIRECT_OBJC_ISA_USAGE = YES_ERROR;
				CLANG_WARN_DOCUMENTATION_COMMENTS = YES;
				CLANG_WARN_EMPTY_BODY = YES;
				CLANG_WARN_ENUM_CONVERSION = YES;
				CLANG_WARN_INFINITE_RECURSION = YES;
				CLANG_WARN_INT_CONVERSION = YES;
				CLANG_WARN_NON_LITERAL_NULL_CONVERSION = YES;
				CLANG_WARN_OBJC_IMPLICIT_RETAIN_SELF = YES;
				CLANG_WARN_OBJC_LITERAL_CONVERSION = YES;
				CLANG_WARN_OBJC_ROOT_CLASS = YES_ERROR;
				CLANG_WARN_RANGE_LOOP_ANALYSIS = YES;
				CLANG_WARN_STRICT_PROTOTYPES = YES;
				CLANG_WARN_SUSPICIOUS_MOVE = YES;
				CLANG_WARN_UNGUARDED_AVAILABILITY = YES_AGGRESSIVE;
				CLANG_WARN_UNREACHABLE_CODE = YES;
				CLANG_WARN__DUPLICATE_METHOD_MATCH = YES;
				CODE_SIGN_IDENTITY = "iPhone Developer";
				COPY_PHASE_STRIP = NO;
				DEBUG_INFORMATION_FORMAT = "dwarf-with-dsym";
				ENABLE_NS_ASSERTIONS = NO;
				ENABLE_STRICT_OBJC_MSGSEND = YES;
				GCC_C_LANGUAGE_STANDARD = gnu11;
				GCC_NO_COMMON_BLOCKS = YES;
				GCC_WARN_64_TO_32_BIT_CONVERSION = YES;
				GCC_WARN_ABOUT_RETURN_TYPE = YES_ERROR;
				GCC_WARN_UNDECLARED_SELECTOR = YES;
				GCC_WARN_UNINITIALIZED_AUTOS = YES_AGGRESSIVE;
				GCC_WARN_UNUSED_FUNCTION = YES;
				GCC_WARN_UNUSED_VARIABLE = YES;
				IPHONEOS_DEPLOYMENT_TARGET = 12.2;
				MTL_ENABLE_DEBUG_INFO = NO;
				MTL_FAST_MATH = YES;
				SDKROOT = iphoneos;
				SWIFT_COMPILATION_MODE = wholemodule;
				SWIFT_OPTIMIZATION_LEVEL = "-O";
				VALIDATE_PRODUCT = YES;
			};
			name = Release;
		};
		E64D7DAC22848A9900F30E80 /* Debug */ = {
			isa = XCBuildConfiguration;
			baseConfigurationReference = 29525D9D8E19CBE711F7262D /* Pods-Parstagram.debug.xcconfig */;
			buildSettings = {
				ASSETCATALOG_COMPILER_APPICON_NAME = AppIcon;
				CODE_SIGN_STYLE = Automatic;
				DEVELOPMENT_TEAM = 3QWK23BRHC;
				INFOPLIST_FILE = Parstagram/Info.plist;
				LD_RUNPATH_SEARCH_PATHS = (
					"$(inherited)",
					"@executable_path/Frameworks",
				);
				PRODUCT_BUNDLE_IDENTIFIER = com.joeyhwang.Parstagram;
				PRODUCT_NAME = "$(TARGET_NAME)";
				SWIFT_VERSION = 5.0;
				TARGETED_DEVICE_FAMILY = "1,2";
			};
			name = Debug;
		};
		E64D7DAD22848A9900F30E80 /* Release */ = {
			isa = XCBuildConfiguration;
			baseConfigurationReference = 5FA447792037517C8AF49BB5 /* Pods-Parstagram.release.xcconfig */;
			buildSettings = {
				ASSETCATALOG_COMPILER_APPICON_NAME = AppIcon;
				CODE_SIGN_STYLE = Automatic;
				DEVELOPMENT_TEAM = 3QWK23BRHC;
				INFOPLIST_FILE = Parstagram/Info.plist;
				LD_RUNPATH_SEARCH_PATHS = (
					"$(inherited)",
					"@executable_path/Frameworks",
				);
				PRODUCT_BUNDLE_IDENTIFIER = com.joeyhwang.Parstagram;
				PRODUCT_NAME = "$(TARGET_NAME)";
				SWIFT_VERSION = 5.0;
				TARGETED_DEVICE_FAMILY = "1,2";
			};
			name = Release;
		};
		E64D7DAF22848A9900F30E80 /* Debug */ = {
			isa = XCBuildConfiguration;
			baseConfigurationReference = F211640F4C88CDA62116D924 /* Pods-ParstagramTests.debug.xcconfig */;
			buildSettings = {
				ALWAYS_EMBED_SWIFT_STANDARD_LIBRARIES = YES;
				BUNDLE_LOADER = "$(TEST_HOST)";
				CODE_SIGN_STYLE = Automatic;
				DEVELOPMENT_TEAM = 3QWK23BRHC;
				INFOPLIST_FILE = ParstagramTests/Info.plist;
				LD_RUNPATH_SEARCH_PATHS = (
					"$(inherited)",
					"@executable_path/Frameworks",
					"@loader_path/Frameworks",
				);
				PRODUCT_BUNDLE_IDENTIFIER = com.joeyhwang.ParstagramTests;
				PRODUCT_NAME = "$(TARGET_NAME)";
				SWIFT_VERSION = 5.0;
				TARGETED_DEVICE_FAMILY = "1,2";
				TEST_HOST = "$(BUILT_PRODUCTS_DIR)/Parstagram.app/Parstagram";
			};
			name = Debug;
		};
		E64D7DB022848A9900F30E80 /* Release */ = {
			isa = XCBuildConfiguration;
			baseConfigurationReference = 9A2CD9924CDEC3EBCB55BBC6 /* Pods-ParstagramTests.release.xcconfig */;
			buildSettings = {
				ALWAYS_EMBED_SWIFT_STANDARD_LIBRARIES = YES;
				BUNDLE_LOADER = "$(TEST_HOST)";
				CODE_SIGN_STYLE = Automatic;
				DEVELOPMENT_TEAM = 3QWK23BRHC;
				INFOPLIST_FILE = ParstagramTests/Info.plist;
				LD_RUNPATH_SEARCH_PATHS = (
					"$(inherited)",
					"@executable_path/Frameworks",
					"@loader_path/Frameworks",
				);
				PRODUCT_BUNDLE_IDENTIFIER = com.joeyhwang.ParstagramTests;
				PRODUCT_NAME = "$(TARGET_NAME)";
				SWIFT_VERSION = 5.0;
				TARGETED_DEVICE_FAMILY = "1,2";
				TEST_HOST = "$(BUILT_PRODUCTS_DIR)/Parstagram.app/Parstagram";
			};
			name = Release;
		};
		E64D7DB222848A9900F30E80 /* Debug */ = {
			isa = XCBuildConfiguration;
			baseConfigurationReference = 2C3779FEC613ED2456740DDE /* Pods-ParstagramUITests.debug.xcconfig */;
			buildSettings = {
				ALWAYS_EMBED_SWIFT_STANDARD_LIBRARIES = YES;
				CODE_SIGN_STYLE = Automatic;
				DEVELOPMENT_TEAM = 3QWK23BRHC;
				INFOPLIST_FILE = ParstagramUITests/Info.plist;
				LD_RUNPATH_SEARCH_PATHS = (
					"$(inherited)",
					"@executable_path/Frameworks",
					"@loader_path/Frameworks",
				);
				PRODUCT_BUNDLE_IDENTIFIER = com.joeyhwang.ParstagramUITests;
				PRODUCT_NAME = "$(TARGET_NAME)";
				SWIFT_VERSION = 5.0;
				TARGETED_DEVICE_FAMILY = "1,2";
				TEST_TARGET_NAME = Parstagram;
			};
			name = Debug;
		};
		E64D7DB322848A9900F30E80 /* Release */ = {
			isa = XCBuildConfiguration;
			baseConfigurationReference = 254482AC17BD7B1831F1B578 /* Pods-ParstagramUITests.release.xcconfig */;
			buildSettings = {
				ALWAYS_EMBED_SWIFT_STANDARD_LIBRARIES = YES;
				CODE_SIGN_STYLE = Automatic;
				DEVELOPMENT_TEAM = 3QWK23BRHC;
				INFOPLIST_FILE = ParstagramUITests/Info.plist;
				LD_RUNPATH_SEARCH_PATHS = (
					"$(inherited)",
					"@executable_path/Frameworks",
					"@loader_path/Frameworks",
				);
				PRODUCT_BUNDLE_IDENTIFIER = com.joeyhwang.ParstagramUITests;
				PRODUCT_NAME = "$(TARGET_NAME)";
				SWIFT_VERSION = 5.0;
				TARGETED_DEVICE_FAMILY = "1,2";
				TEST_TARGET_NAME = Parstagram;
			};
			name = Release;
		};
/* End XCBuildConfiguration section */

/* Begin XCConfigurationList section */
		E64D7D7E22848A9400F30E80 /* Build configuration list for PBXProject "Parstagram" */ = {
			isa = XCConfigurationList;
			buildConfigurations = (
				E64D7DA922848A9900F30E80 /* Debug */,
				E64D7DAA22848A9900F30E80 /* Release */,
			);
			defaultConfigurationIsVisible = 0;
			defaultConfigurationName = Release;
		};
		E64D7DAB22848A9900F30E80 /* Build configuration list for PBXNativeTarget "Parstagram" */ = {
			isa = XCConfigurationList;
			buildConfigurations = (
				E64D7DAC22848A9900F30E80 /* Debug */,
				E64D7DAD22848A9900F30E80 /* Release */,
			);
			defaultConfigurationIsVisible = 0;
			defaultConfigurationName = Release;
		};
		E64D7DAE22848A9900F30E80 /* Build configuration list for PBXNativeTarget "ParstagramTests" */ = {
			isa = XCConfigurationList;
			buildConfigurations = (
				E64D7DAF22848A9900F30E80 /* Debug */,
				E64D7DB022848A9900F30E80 /* Release */,
			);
			defaultConfigurationIsVisible = 0;
			defaultConfigurationName = Release;
		};
		E64D7DB122848A9900F30E80 /* Build configuration list for PBXNativeTarget "ParstagramUITests" */ = {
			isa = XCConfigurationList;
			buildConfigurations = (
				E64D7DB222848A9900F30E80 /* Debug */,
				E64D7DB322848A9900F30E80 /* Release */,
			);
			defaultConfigurationIsVisible = 0;
			defaultConfigurationName = Release;
		};
/* End XCConfigurationList section */
	};
	rootObject = E64D7D7B22848A9400F30E80 /* Project object */;
}
